
Microsoft Visual Studio Solution File, Format Version 12.00
# Visual Studio Version 16
VisualStudioVersion = 16.0.31729.503
MinimumVisualStudioVersion = 10.0.40219.1
Project("{FAE04EC0-301F-11D3-BF4B-00C04F79EFBC}") = "Batch_2103C1_Project", "Batch_2103C1_Project\Batch_2103C1_Project.csproj", "{BFD4E3CB-9C29-4698-A1D9-D59C1735983E}"
EndProject
Global
	GlobalSection(SolutionConfigurationPlatforms) = preSolution
		Debug|Any CPU = Debug|Any CPU
		Release|Any CPU = Release|Any CPU
	EndGlobalSection
	GlobalSection(ProjectConfigurationPlatforms) = postSolution
		{BFD4E3CB-9C29-4698-A1D9-D59C1735983E}.Debug|Any CPU.ActiveCfg = Debug|Any CPU
		{BFD4E3CB-9C29-4698-A1D9-D59C1735983E}.Debug|Any CPU.Build.0 = Debug|Any CPU
		{BFD4E3CB-9C29-4698-A1D9-D59C1735983E}.Release|Any CPU.ActiveCfg = Release|Any CPU
		{BFD4E3CB-9C29-4698-A1D9-D59C1735983E}.Release|Any CPU.Build.0 = Release|Any CPU
	EndGlobalSection
	GlobalSection(SolutionProperties) = preSolution
		HideSolutionNode = FALSE
	EndGlobalSection
	GlobalSection(ExtensibilityGlobals) = postSolution
		SolutionGuid = {213AC606-BB1E-4FB5-AB3B-A97D38AB4C8C}
	EndGlobalSection
EndGlobal
